// !$*UTF8*$!
{
	archiveVersion = 1;
	classes = {
	};
	objectVersion = 52;
	objects = {

/* Begin PBXBuildFile section */
		0B9389E323AE201D00D392AF /* LNSCoreMapper.swift in Sources */ = {isa = PBXBuildFile; fileRef = 0B9389E223AE201C00D392AF /* LNSCoreMapper.swift */; };
		0BC0BC6F23ADBB2E009B9E58 /* LNSClientType.swift in Sources */ = {isa = PBXBuildFile; fileRef = 0BC0BC6E23ADBB2E009B9E58 /* LNSClientType.swift */; };
		0BC0BC7123ADBBA5009B9E58 /* LndClientBuilder.swift in Sources */ = {isa = PBXBuildFile; fileRef = 0BC0BC7023ADBBA5009B9E58 /* LndClientBuilder.swift */; };
		3D2AD55823B3233D00B3C840 /* LNSChannelServiceImpl.swift in Sources */ = {isa = PBXBuildFile; fileRef = 3D2AD55723B3233D00B3C840 /* LNSChannelServiceImpl.swift */; };
		3D2AD55A23B86D8A00B3C840 /* LNSChannel.swift in Sources */ = {isa = PBXBuildFile; fileRef = 3D2AD55923B86D8A00B3C840 /* LNSChannel.swift */; };
		3D2AD55C23B9DC8A00B3C840 /* LNSCloseChannelConfiguration.swift in Sources */ = {isa = PBXBuildFile; fileRef = 3D2AD55B23B9DC8A00B3C840 /* LNSCloseChannelConfiguration.swift */; };
		3D2AD55E23B9DE0B00B3C840 /* LNSCloseChannelStatusUpdate.swift in Sources */ = {isa = PBXBuildFile; fileRef = 3D2AD55D23B9DE0B00B3C840 /* LNSCloseChannelStatusUpdate.swift */; };
		3D2AD56023B9DE2E00B3C840 /* LNSOpenChannelStatusUpdate.swift in Sources */ = {isa = PBXBuildFile; fileRef = 3D2AD55F23B9DE2E00B3C840 /* LNSOpenChannelStatusUpdate.swift */; };
		3D2AD56223B9E34E00B3C840 /* LNSPayment.swift in Sources */ = {isa = PBXBuildFile; fileRef = 3D2AD56123B9E34E00B3C840 /* LNSPayment.swift */; };
		3D2AD56523BAF85C00B3C840 /* Message+Lndmobile.swift in Sources */ = {isa = PBXBuildFile; fileRef = 3D2AD56423BAF85C00B3C840 /* Message+Lndmobile.swift */; };
		3D2AD56723BB0A1E00B3C840 /* LNSSendCoinsConfiguration.swift in Sources */ = {isa = PBXBuildFile; fileRef = 3D2AD56623BB0A1E00B3C840 /* LNSSendCoinsConfiguration.swift */; };
		3D3496D4249F1F3400977EA4 /* LNSListInvoicesRequest.swift in Sources */ = {isa = PBXBuildFile; fileRef = 3D3496D2249F1E0200977EA4 /* LNSListInvoicesRequest.swift */; };
		3D3496D7249F230D00977EA4 /* BTCUnit.swift in Sources */ = {isa = PBXBuildFile; fileRef = 3D3496D5249F22A500977EA4 /* BTCUnit.swift */; };
		3D396A9F249F5EA1002C2D3B /* LNSListPaymentsRequest.swift in Sources */ = {isa = PBXBuildFile; fileRef = 3D396A9C249F5DC5002C2D3B /* LNSListPaymentsRequest.swift */; };
		3D6107072496EBFE004B47A4 /* Lndmobile.framework in Frameworks */ = {isa = PBXBuildFile; fileRef = 3D6107062496EBFD004B47A4 /* Lndmobile.framework */; };
		3D61071B2496EF93004B47A4 /* LKWalletError.swift in Sources */ = {isa = PBXBuildFile; fileRef = 3D6106FD2496EB26004B47A4 /* LKWalletError.swift */; };
		3D61071C2496EF93004B47A4 /* LightningKit.swift in Sources */ = {isa = PBXBuildFile; fileRef = 3D6106FF2496EB26004B47A4 /* LightningKit.swift */; };
		3D61071D2496EF93004B47A4 /* LKWallet.swift in Sources */ = {isa = PBXBuildFile; fileRef = 3D6107002496EB26004B47A4 /* LKWallet.swift */; };
		3D61071E2496EF93004B47A4 /* LKChannel.swift in Sources */ = {isa = PBXBuildFile; fileRef = 3D6107012496EB26004B47A4 /* LKChannel.swift */; };
		3D6107232496F8CE004B47A4 /* LKError.swift in Sources */ = {isa = PBXBuildFile; fileRef = 3D61071F2496F670004B47A4 /* LKError.swift */; };
		3D70CD9B23A4F566001BE339 /* LNSSeedConfiguration.swift in Sources */ = {isa = PBXBuildFile; fileRef = 3D70CD9A23A4F566001BE339 /* LNSSeedConfiguration.swift */; };
		3D70CD9D23A4F57C001BE339 /* LNSSeed.swift in Sources */ = {isa = PBXBuildFile; fileRef = 3D70CD9C23A4F57C001BE339 /* LNSSeed.swift */; };
		3D70CDA123A5001A001BE339 /* LNSWalletBalance.swift in Sources */ = {isa = PBXBuildFile; fileRef = 3D70CDA023A50019001BE339 /* LNSWalletBalance.swift */; };
		3D70CDA323A505C5001BE339 /* LNSTransaction.swift in Sources */ = {isa = PBXBuildFile; fileRef = 3D70CDA223A505C5001BE339 /* LNSTransaction.swift */; };
		3D70CDA523A506B3001BE339 /* BTCAddress.swift in Sources */ = {isa = PBXBuildFile; fileRef = 3D70CDA423A506B3001BE339 /* BTCAddress.swift */; };
		3D70CDA723A5085E001BE339 /* LNSChannelBalance.swift in Sources */ = {isa = PBXBuildFile; fileRef = 3D70CDA623A5085E001BE339 /* LNSChannelBalance.swift */; };
		3D70CDA923A50E9F001BE339 /* LNSInfo.swift in Sources */ = {isa = PBXBuildFile; fileRef = 3D70CDA823A50E9F001BE339 /* LNSInfo.swift */; };
		3D70CDAF23A5ECCF001BE339 /* LNSCoreService.swift in Sources */ = {isa = PBXBuildFile; fileRef = 3D70CD8623A47CB9001BE339 /* LNSCoreService.swift */; };
		3D70CDB123A5ECD3001BE339 /* LNSWalletService.swift in Sources */ = {isa = PBXBuildFile; fileRef = 3D70CD9423A48703001BE339 /* LNSWalletService.swift */; };
		3D70CDB223A5ECD7001BE339 /* LNSError.swift in Sources */ = {isa = PBXBuildFile; fileRef = 3D70CD9823A4F428001BE339 /* LNSError.swift */; };
		3D70CDB423A5ECDC001BE339 /* LNSWalletError.swift in Sources */ = {isa = PBXBuildFile; fileRef = 3D70CD9E23A4FD08001BE339 /* LNSWalletError.swift */; };
		3D70CDB523A5ECE4001BE339 /* BTCEnvironment.swift in Sources */ = {isa = PBXBuildFile; fileRef = 3D70CD8A23A47CB9001BE339 /* BTCEnvironment.swift */; };
		3D70CDB623A5ECE7001BE339 /* BTCNode.swift in Sources */ = {isa = PBXBuildFile; fileRef = 3D70CD8B23A47CB9001BE339 /* BTCNode.swift */; };
		3D70CDB723A5ECEE001BE339 /* LNSConfiguration.swift in Sources */ = {isa = PBXBuildFile; fileRef = 3D70CD8C23A47CB9001BE339 /* LNSConfiguration.swift */; };
		3D70CDB823A5ECF1001BE339 /* LNSMacaroon.swift in Sources */ = {isa = PBXBuildFile; fileRef = 3D70CD8923A47CB9001BE339 /* LNSMacaroon.swift */; };
		3D70CDBD23A5F574001BE339 /* LNSServiceBuilder.swift in Sources */ = {isa = PBXBuildFile; fileRef = 3D70CDBC23A5F574001BE339 /* LNSServiceBuilder.swift */; };
		3D70CDBF23A5FA05001BE339 /* LNSChannelService.swift in Sources */ = {isa = PBXBuildFile; fileRef = 3D70CDBE23A5FA05001BE339 /* LNSChannelService.swift */; };
		3D70CDC323A5FDB6001BE339 /* LNSInvoice.swift in Sources */ = {isa = PBXBuildFile; fileRef = 3D70CDC223A5FDB6001BE339 /* LNSInvoice.swift */; };
		3D70CDC523A60086001BE339 /* LNSInvoiceRequest.swift in Sources */ = {isa = PBXBuildFile; fileRef = 3D70CDC423A60086001BE339 /* LNSInvoiceRequest.swift */; };
		3D70CDC723A60129001BE339 /* LNSTransactionError.swift in Sources */ = {isa = PBXBuildFile; fileRef = 3D70CDC623A60129001BE339 /* LNSTransactionError.swift */; };
		3D70CDC923A60233001BE339 /* LNSPaymentRequest.swift in Sources */ = {isa = PBXBuildFile; fileRef = 3D70CDC823A60233001BE339 /* LNSPaymentRequest.swift */; };
		3D70CDD023ABC3A8001BE339 /* LndArgumentParser.swift in Sources */ = {isa = PBXBuildFile; fileRef = 3D70CDCF23ABC3A8001BE339 /* LndArgumentParser.swift */; };
		3D70CDD323ABC730001BE339 /* LightningKitClient.swift in Sources */ = {isa = PBXBuildFile; fileRef = 3D70CDD223ABC730001BE339 /* LightningKitClient.swift */; };
		3D743E1D239E86DA005B2804 /* AppDelegate.swift in Sources */ = {isa = PBXBuildFile; fileRef = 3D743E1C239E86DA005B2804 /* AppDelegate.swift */; };
		3D743E1F239E86DA005B2804 /* SceneDelegate.swift in Sources */ = {isa = PBXBuildFile; fileRef = 3D743E1E239E86DA005B2804 /* SceneDelegate.swift */; };
		3D743E23239E86DD005B2804 /* Assets.xcassets in Resources */ = {isa = PBXBuildFile; fileRef = 3D743E22239E86DD005B2804 /* Assets.xcassets */; };
		3D743E26239E86DD005B2804 /* Preview Assets.xcassets in Resources */ = {isa = PBXBuildFile; fileRef = 3D743E25239E86DD005B2804 /* Preview Assets.xcassets */; };
		3D743E29239E86DD005B2804 /* LaunchScreen.storyboard in Resources */ = {isa = PBXBuildFile; fileRef = 3D743E27239E86DD005B2804 /* LaunchScreen.storyboard */; };
		3D743E3C239E878A005B2804 /* LndClient.swift in Sources */ = {isa = PBXBuildFile; fileRef = 3D743E3B239E878A005B2804 /* LndClient.swift */; };
		3D743E3F239E87B9005B2804 /* rpc.pb.swift in Sources */ = {isa = PBXBuildFile; fileRef = 3D743E3E239E87B9005B2804 /* rpc.pb.swift */; };
		3D743E42239E882B005B2804 /* SwiftProtobuf in Frameworks */ = {isa = PBXBuildFile; platformFilter = ios; productRef = 3D743E41239E882B005B2804 /* SwiftProtobuf */; };
		3D743E44239E882B005B2804 /* SwiftProtobufPluginLibrary in Frameworks */ = {isa = PBXBuildFile; platformFilter = ios; productRef = 3D743E43239E882B005B2804 /* SwiftProtobufPluginLibrary */; };
		3D743E46239E892F005B2804 /* LndClientImpl.swift in Sources */ = {isa = PBXBuildFile; fileRef = 3D743E45239E892F005B2804 /* LndClientImpl.swift */; };
		3D743E49239E8953005B2804 /* LndAPI.swift in Sources */ = {isa = PBXBuildFile; fileRef = 3D743E48239E8953005B2804 /* LndAPI.swift */; };
		3D743E4C239E896C005B2804 /* LndMobileAPI.swift in Sources */ = {isa = PBXBuildFile; fileRef = 3D743E4B239E896C005B2804 /* LndMobileAPI.swift */; };
		3D743E4E239E89AD005B2804 /* LndCallback.swift in Sources */ = {isa = PBXBuildFile; fileRef = 3D743E4D239E89AD005B2804 /* LndCallback.swift */; };
		3D76931E23AE62A900C6D726 /* libLightningKitClient.a in Frameworks */ = {isa = PBXBuildFile; fileRef = 3D743E34239E8762005B2804 /* libLightningKitClient.a */; };
		3D76934123B103D800C6D726 /* LNSAddressType+Lnrpc.swift in Sources */ = {isa = PBXBuildFile; fileRef = 3D76934023B103D800C6D726 /* LNSAddressType+Lnrpc.swift */; };
		3D76934323B10B4D00C6D726 /* LNSAddress.swift in Sources */ = {isa = PBXBuildFile; fileRef = 3D76934223B10B4D00C6D726 /* LNSAddress.swift */; };
		3D76934523B10D2800C6D726 /* LNSConnectPeerConfiguration.swift in Sources */ = {isa = PBXBuildFile; fileRef = 3D76934423B10D2800C6D726 /* LNSConnectPeerConfiguration.swift */; };
		3D76934723B2F8C400C6D726 /* LNSOpenChannelConfiguration.swift in Sources */ = {isa = PBXBuildFile; fileRef = 3D76934623B2F8C400C6D726 /* LNSOpenChannelConfiguration.swift */; };
		3D76934923B2FB7C00C6D726 /* LNSChannelPoint.swift in Sources */ = {isa = PBXBuildFile; fileRef = 3D76934823B2FB7C00C6D726 /* LNSChannelPoint.swift */; };
		3D76934B23B2FCEB00C6D726 /* LNSChannelMapper.swift in Sources */ = {isa = PBXBuildFile; fileRef = 3D76934A23B2FCEB00C6D726 /* LNSChannelMapper.swift */; };
		3D790AF523AC5ABD00DF1EEB /* LNSWalletMapper.swift in Sources */ = {isa = PBXBuildFile; fileRef = 3D790AF423AC5ABD00DF1EEB /* LNSWalletMapper.swift */; };
		3DD153B123ABC9620064A542 /* LNSWalletServiceImpl.swift in Sources */ = {isa = PBXBuildFile; fileRef = 3DD153B023ABC9620064A542 /* LNSWalletServiceImpl.swift */; };
/* End PBXBuildFile section */

/* Begin PBXContainerItemProxy section */
		3D6107212496F8A9004B47A4 /* PBXContainerItemProxy */ = {
			isa = PBXContainerItemProxy;
			containerPortal = 3D743E11239E86DA005B2804 /* Project object */;
			proxyType = 1;
			remoteGlobalIDString = 3D743E33239E8762005B2804;
			remoteInfo = LightningKitClient;
		};
		3D76931C23AE62A400C6D726 /* PBXContainerItemProxy */ = {
			isa = PBXContainerItemProxy;
			containerPortal = 3D743E11239E86DA005B2804 /* Project object */;
			proxyType = 1;
			remoteGlobalIDString = 3D743E33239E8762005B2804;
			remoteInfo = LightningSwift;
		};
/* End PBXContainerItemProxy section */

/* Begin PBXCopyFilesBuildPhase section */
		3D6107122496EF47004B47A4 /* CopyFiles */ = {
			isa = PBXCopyFilesBuildPhase;
			buildActionMask = 2147483647;
			dstPath = "include/$(PRODUCT_NAME)";
			dstSubfolderSpec = 16;
			files = (
			);
			runOnlyForDeploymentPostprocessing = 0;
		};
		3D6107352496FD18004B47A4 /* Embed Frameworks */ = {
			isa = PBXCopyFilesBuildPhase;
			buildActionMask = 2147483647;
			dstPath = "";
			dstSubfolderSpec = 10;
			files = (
			);
			name = "Embed Frameworks";
			runOnlyForDeploymentPostprocessing = 0;
		};
		3D67FB0924A6FA5B009D0350 /* CopyFiles */ = {
			isa = PBXCopyFilesBuildPhase;
			buildActionMask = 2147483647;
			dstPath = "include/$(PRODUCT_NAME)";
			dstSubfolderSpec = 16;
			files = (
			);
			runOnlyForDeploymentPostprocessing = 0;
		};
		3D743E32239E8762005B2804 /* CopyFiles */ = {
			isa = PBXCopyFilesBuildPhase;
			buildActionMask = 2147483647;
			dstPath = "include/$(PRODUCT_NAME)";
			dstSubfolderSpec = 16;
			files = (
			);
			runOnlyForDeploymentPostprocessing = 0;
		};
/* End PBXCopyFilesBuildPhase section */

/* Begin PBXFileReference section */
		0B9389E223AE201C00D392AF /* LNSCoreMapper.swift */ = {isa = PBXFileReference; fileEncoding = 4; lastKnownFileType = sourcecode.swift; path = LNSCoreMapper.swift; sourceTree = "<group>"; };
		0BC0BC6E23ADBB2E009B9E58 /* LNSClientType.swift */ = {isa = PBXFileReference; fileEncoding = 4; lastKnownFileType = sourcecode.swift; path = LNSClientType.swift; sourceTree = "<group>"; };
		0BC0BC7023ADBBA5009B9E58 /* LndClientBuilder.swift */ = {isa = PBXFileReference; fileEncoding = 4; lastKnownFileType = sourcecode.swift; path = LndClientBuilder.swift; sourceTree = "<group>"; };
		3D2AD55723B3233D00B3C840 /* LNSChannelServiceImpl.swift */ = {isa = PBXFileReference; lastKnownFileType = sourcecode.swift; path = LNSChannelServiceImpl.swift; sourceTree = "<group>"; };
		3D2AD55923B86D8A00B3C840 /* LNSChannel.swift */ = {isa = PBXFileReference; lastKnownFileType = sourcecode.swift; path = LNSChannel.swift; sourceTree = "<group>"; };
		3D2AD55B23B9DC8A00B3C840 /* LNSCloseChannelConfiguration.swift */ = {isa = PBXFileReference; lastKnownFileType = sourcecode.swift; path = LNSCloseChannelConfiguration.swift; sourceTree = "<group>"; };
		3D2AD55D23B9DE0B00B3C840 /* LNSCloseChannelStatusUpdate.swift */ = {isa = PBXFileReference; lastKnownFileType = sourcecode.swift; path = LNSCloseChannelStatusUpdate.swift; sourceTree = "<group>"; };
		3D2AD55F23B9DE2E00B3C840 /* LNSOpenChannelStatusUpdate.swift */ = {isa = PBXFileReference; lastKnownFileType = sourcecode.swift; path = LNSOpenChannelStatusUpdate.swift; sourceTree = "<group>"; };
		3D2AD56123B9E34E00B3C840 /* LNSPayment.swift */ = {isa = PBXFileReference; lastKnownFileType = sourcecode.swift; path = LNSPayment.swift; sourceTree = "<group>"; };
		3D2AD56423BAF85C00B3C840 /* Message+Lndmobile.swift */ = {isa = PBXFileReference; lastKnownFileType = sourcecode.swift; path = "Message+Lndmobile.swift"; sourceTree = "<group>"; };
		3D2AD56623BB0A1E00B3C840 /* LNSSendCoinsConfiguration.swift */ = {isa = PBXFileReference; lastKnownFileType = sourcecode.swift; path = LNSSendCoinsConfiguration.swift; sourceTree = "<group>"; };
		3D3496D2249F1E0200977EA4 /* LNSListInvoicesRequest.swift */ = {isa = PBXFileReference; lastKnownFileType = sourcecode.swift; path = LNSListInvoicesRequest.swift; sourceTree = "<group>"; };
		3D3496D5249F22A500977EA4 /* BTCUnit.swift */ = {isa = PBXFileReference; lastKnownFileType = sourcecode.swift; path = BTCUnit.swift; sourceTree = "<group>"; };
		3D396A9C249F5DC5002C2D3B /* LNSListPaymentsRequest.swift */ = {isa = PBXFileReference; lastKnownFileType = sourcecode.swift; path = LNSListPaymentsRequest.swift; sourceTree = "<group>"; };
		3D6106FD2496EB26004B47A4 /* LKWalletError.swift */ = {isa = PBXFileReference; fileEncoding = 4; lastKnownFileType = sourcecode.swift; path = LKWalletError.swift; sourceTree = "<group>"; };
		3D6106FF2496EB26004B47A4 /* LightningKit.swift */ = {isa = PBXFileReference; fileEncoding = 4; lastKnownFileType = sourcecode.swift; path = LightningKit.swift; sourceTree = "<group>"; };
		3D6107002496EB26004B47A4 /* LKWallet.swift */ = {isa = PBXFileReference; fileEncoding = 4; lastKnownFileType = sourcecode.swift; path = LKWallet.swift; sourceTree = "<group>"; };
		3D6107012496EB26004B47A4 /* LKChannel.swift */ = {isa = PBXFileReference; fileEncoding = 4; lastKnownFileType = sourcecode.swift; path = LKChannel.swift; sourceTree = "<group>"; };
		3D6107062496EBFD004B47A4 /* Lndmobile.framework */ = {isa = PBXFileReference; lastKnownFileType = wrapper.framework; name = Lndmobile.framework; path = Sources/Lndmobile.framework; sourceTree = "<group>"; };
		3D6107142496EF47004B47A4 /* libLightningKit.a */ = {isa = PBXFileReference; explicitFileType = archive.ar; includeInIndex = 0; path = libLightningKit.a; sourceTree = BUILT_PRODUCTS_DIR; };
		3D61071F2496F670004B47A4 /* LKError.swift */ = {isa = PBXFileReference; lastKnownFileType = sourcecode.swift; path = LKError.swift; sourceTree = "<group>"; };
		3D610761249709D0004B47A4 /* SeedListView.swift */ = {isa = PBXFileReference; lastKnownFileType = sourcecode.swift; path = SeedListView.swift; sourceTree = "<group>"; };
		3D67FB0B24A6FA5B009D0350 /* libLightningKitUI.a */ = {isa = PBXFileReference; explicitFileType = archive.ar; includeInIndex = 0; path = libLightningKitUI.a; sourceTree = BUILT_PRODUCTS_DIR; };
		3D6E4123249DC91200EA1E2A /* SeedPhraseView.swift */ = {isa = PBXFileReference; lastKnownFileType = sourcecode.swift; path = SeedPhraseView.swift; sourceTree = "<group>"; };
		3D6E4127249DDDB700EA1E2A /* Font.swift */ = {isa = PBXFileReference; lastKnownFileType = sourcecode.swift; path = Font.swift; sourceTree = "<group>"; };
		3D6E4129249DDDBF00EA1E2A /* DefaultFont.swift */ = {isa = PBXFileReference; lastKnownFileType = sourcecode.swift; path = DefaultFont.swift; sourceTree = "<group>"; };
		3D70CD8623A47CB9001BE339 /* LNSCoreService.swift */ = {isa = PBXFileReference; fileEncoding = 4; lastKnownFileType = sourcecode.swift; path = LNSCoreService.swift; sourceTree = "<group>"; };
		3D70CD8923A47CB9001BE339 /* LNSMacaroon.swift */ = {isa = PBXFileReference; fileEncoding = 4; lastKnownFileType = sourcecode.swift; path = LNSMacaroon.swift; sourceTree = "<group>"; };
		3D70CD8A23A47CB9001BE339 /* BTCEnvironment.swift */ = {isa = PBXFileReference; fileEncoding = 4; lastKnownFileType = sourcecode.swift; path = BTCEnvironment.swift; sourceTree = "<group>"; };
		3D70CD8B23A47CB9001BE339 /* BTCNode.swift */ = {isa = PBXFileReference; fileEncoding = 4; lastKnownFileType = sourcecode.swift; path = BTCNode.swift; sourceTree = "<group>"; };
		3D70CD8C23A47CB9001BE339 /* LNSConfiguration.swift */ = {isa = PBXFileReference; fileEncoding = 4; lastKnownFileType = sourcecode.swift; path = LNSConfiguration.swift; sourceTree = "<group>"; };
		3D70CD9423A48703001BE339 /* LNSWalletService.swift */ = {isa = PBXFileReference; lastKnownFileType = sourcecode.swift; path = LNSWalletService.swift; sourceTree = "<group>"; };
		3D70CD9823A4F428001BE339 /* LNSError.swift */ = {isa = PBXFileReference; lastKnownFileType = sourcecode.swift; path = LNSError.swift; sourceTree = "<group>"; };
		3D70CD9A23A4F566001BE339 /* LNSSeedConfiguration.swift */ = {isa = PBXFileReference; lastKnownFileType = sourcecode.swift; path = LNSSeedConfiguration.swift; sourceTree = "<group>"; };
		3D70CD9C23A4F57C001BE339 /* LNSSeed.swift */ = {isa = PBXFileReference; lastKnownFileType = sourcecode.swift; path = LNSSeed.swift; sourceTree = "<group>"; };
		3D70CD9E23A4FD08001BE339 /* LNSWalletError.swift */ = {isa = PBXFileReference; lastKnownFileType = sourcecode.swift; path = LNSWalletError.swift; sourceTree = "<group>"; };
		3D70CDA023A50019001BE339 /* LNSWalletBalance.swift */ = {isa = PBXFileReference; lastKnownFileType = sourcecode.swift; path = LNSWalletBalance.swift; sourceTree = "<group>"; };
		3D70CDA223A505C5001BE339 /* LNSTransaction.swift */ = {isa = PBXFileReference; lastKnownFileType = sourcecode.swift; path = LNSTransaction.swift; sourceTree = "<group>"; };
		3D70CDA423A506B3001BE339 /* BTCAddress.swift */ = {isa = PBXFileReference; lastKnownFileType = sourcecode.swift; path = BTCAddress.swift; sourceTree = "<group>"; };
		3D70CDA623A5085E001BE339 /* LNSChannelBalance.swift */ = {isa = PBXFileReference; lastKnownFileType = sourcecode.swift; path = LNSChannelBalance.swift; sourceTree = "<group>"; };
		3D70CDA823A50E9F001BE339 /* LNSInfo.swift */ = {isa = PBXFileReference; lastKnownFileType = sourcecode.swift; path = LNSInfo.swift; sourceTree = "<group>"; };
		3D70CDBC23A5F574001BE339 /* LNSServiceBuilder.swift */ = {isa = PBXFileReference; lastKnownFileType = sourcecode.swift; path = LNSServiceBuilder.swift; sourceTree = "<group>"; };
		3D70CDBE23A5FA05001BE339 /* LNSChannelService.swift */ = {isa = PBXFileReference; lastKnownFileType = sourcecode.swift; path = LNSChannelService.swift; sourceTree = "<group>"; };
		3D70CDC223A5FDB6001BE339 /* LNSInvoice.swift */ = {isa = PBXFileReference; lastKnownFileType = sourcecode.swift; path = LNSInvoice.swift; sourceTree = "<group>"; };
		3D70CDC423A60086001BE339 /* LNSInvoiceRequest.swift */ = {isa = PBXFileReference; lastKnownFileType = sourcecode.swift; path = LNSInvoiceRequest.swift; sourceTree = "<group>"; };
		3D70CDC623A60129001BE339 /* LNSTransactionError.swift */ = {isa = PBXFileReference; lastKnownFileType = sourcecode.swift; path = LNSTransactionError.swift; sourceTree = "<group>"; };
		3D70CDC823A60233001BE339 /* LNSPaymentRequest.swift */ = {isa = PBXFileReference; lastKnownFileType = sourcecode.swift; path = LNSPaymentRequest.swift; sourceTree = "<group>"; };
		3D70CDCF23ABC3A8001BE339 /* LndArgumentParser.swift */ = {isa = PBXFileReference; lastKnownFileType = sourcecode.swift; path = LndArgumentParser.swift; sourceTree = "<group>"; };
		3D70CDD223ABC730001BE339 /* LightningKitClient.swift */ = {isa = PBXFileReference; lastKnownFileType = sourcecode.swift; path = LightningKitClient.swift; sourceTree = "<group>"; };
		3D743E19239E86DA005B2804 /* LightningKitApp.app */ = {isa = PBXFileReference; explicitFileType = wrapper.application; includeInIndex = 0; path = LightningKitApp.app; sourceTree = BUILT_PRODUCTS_DIR; };
		3D743E1C239E86DA005B2804 /* AppDelegate.swift */ = {isa = PBXFileReference; lastKnownFileType = sourcecode.swift; path = AppDelegate.swift; sourceTree = "<group>"; };
		3D743E1E239E86DA005B2804 /* SceneDelegate.swift */ = {isa = PBXFileReference; lastKnownFileType = sourcecode.swift; path = SceneDelegate.swift; sourceTree = "<group>"; };
		3D743E22239E86DD005B2804 /* Assets.xcassets */ = {isa = PBXFileReference; lastKnownFileType = folder.assetcatalog; path = Assets.xcassets; sourceTree = "<group>"; };
		3D743E25239E86DD005B2804 /* Preview Assets.xcassets */ = {isa = PBXFileReference; lastKnownFileType = folder.assetcatalog; path = "Preview Assets.xcassets"; sourceTree = "<group>"; };
		3D743E28239E86DD005B2804 /* Base */ = {isa = PBXFileReference; lastKnownFileType = file.storyboard; name = Base; path = Base.lproj/LaunchScreen.storyboard; sourceTree = "<group>"; };
		3D743E2A239E86DD005B2804 /* Info.plist */ = {isa = PBXFileReference; lastKnownFileType = text.plist.xml; path = Info.plist; sourceTree = "<group>"; };
		3D743E34239E8762005B2804 /* libLightningKitClient.a */ = {isa = PBXFileReference; explicitFileType = archive.ar; includeInIndex = 0; path = libLightningKitClient.a; sourceTree = BUILT_PRODUCTS_DIR; };
		3D743E3B239E878A005B2804 /* LndClient.swift */ = {isa = PBXFileReference; lastKnownFileType = sourcecode.swift; path = LndClient.swift; sourceTree = "<group>"; };
		3D743E3E239E87B9005B2804 /* rpc.pb.swift */ = {isa = PBXFileReference; fileEncoding = 4; lastKnownFileType = sourcecode.swift; path = rpc.pb.swift; sourceTree = "<group>"; };
		3D743E45239E892F005B2804 /* LndClientImpl.swift */ = {isa = PBXFileReference; lastKnownFileType = sourcecode.swift; path = LndClientImpl.swift; sourceTree = "<group>"; };
		3D743E48239E8953005B2804 /* LndAPI.swift */ = {isa = PBXFileReference; lastKnownFileType = sourcecode.swift; path = LndAPI.swift; sourceTree = "<group>"; };
		3D743E4B239E896C005B2804 /* LndMobileAPI.swift */ = {isa = PBXFileReference; lastKnownFileType = sourcecode.swift; path = LndMobileAPI.swift; sourceTree = "<group>"; };
		3D743E4D239E89AD005B2804 /* LndCallback.swift */ = {isa = PBXFileReference; lastKnownFileType = sourcecode.swift; path = LndCallback.swift; sourceTree = "<group>"; };
		3D76934023B103D800C6D726 /* LNSAddressType+Lnrpc.swift */ = {isa = PBXFileReference; lastKnownFileType = sourcecode.swift; path = "LNSAddressType+Lnrpc.swift"; sourceTree = "<group>"; };
		3D76934223B10B4D00C6D726 /* LNSAddress.swift */ = {isa = PBXFileReference; lastKnownFileType = sourcecode.swift; path = LNSAddress.swift; sourceTree = "<group>"; };
		3D76934423B10D2800C6D726 /* LNSConnectPeerConfiguration.swift */ = {isa = PBXFileReference; lastKnownFileType = sourcecode.swift; path = LNSConnectPeerConfiguration.swift; sourceTree = "<group>"; };
		3D76934623B2F8C400C6D726 /* LNSOpenChannelConfiguration.swift */ = {isa = PBXFileReference; lastKnownFileType = sourcecode.swift; path = LNSOpenChannelConfiguration.swift; sourceTree = "<group>"; };
		3D76934823B2FB7C00C6D726 /* LNSChannelPoint.swift */ = {isa = PBXFileReference; lastKnownFileType = sourcecode.swift; path = LNSChannelPoint.swift; sourceTree = "<group>"; };
		3D76934A23B2FCEB00C6D726 /* LNSChannelMapper.swift */ = {isa = PBXFileReference; lastKnownFileType = sourcecode.swift; path = LNSChannelMapper.swift; sourceTree = "<group>"; };
		3D790AF423AC5ABD00DF1EEB /* LNSWalletMapper.swift */ = {isa = PBXFileReference; lastKnownFileType = sourcecode.swift; path = LNSWalletMapper.swift; sourceTree = "<group>"; };
		3D8182542498465C00BE72BC /* SeedViewController.swift */ = {isa = PBXFileReference; lastKnownFileType = sourcecode.swift; path = SeedViewController.swift; sourceTree = "<group>"; };
		3D818257249847E800BE72BC /* Button.swift */ = {isa = PBXFileReference; lastKnownFileType = sourcecode.swift; path = Button.swift; sourceTree = "<group>"; };
		3D81825A2498491600BE72BC /* UIView+Transform.swift */ = {isa = PBXFileReference; lastKnownFileType = sourcecode.swift; path = "UIView+Transform.swift"; sourceTree = "<group>"; };
		3D81826124984C8500BE72BC /* Color.swift */ = {isa = PBXFileReference; lastKnownFileType = sourcecode.swift; path = Color.swift; sourceTree = "<group>"; };
		3D81826324984D3300BE72BC /* Style.swift */ = {isa = PBXFileReference; lastKnownFileType = sourcecode.swift; path = Style.swift; sourceTree = "<group>"; };
		3D81826524984D5100BE72BC /* DefaultColor.swift */ = {isa = PBXFileReference; lastKnownFileType = sourcecode.swift; path = DefaultColor.swift; sourceTree = "<group>"; };
		3D9FAE8E249D8E9700006770 /* UIView+Shadow.swift */ = {isa = PBXFileReference; lastKnownFileType = sourcecode.swift; path = "UIView+Shadow.swift"; sourceTree = "<group>"; };
		3DD153B023ABC9620064A542 /* LNSWalletServiceImpl.swift */ = {isa = PBXFileReference; lastKnownFileType = sourcecode.swift; path = LNSWalletServiceImpl.swift; sourceTree = "<group>"; };
		3DD406A3249EEE0D009C01C9 /* TransactionTableViewCell.swift */ = {isa = PBXFileReference; lastKnownFileType = sourcecode.swift; path = TransactionTableViewCell.swift; sourceTree = "<group>"; };
/* End PBXFileReference section */

/* Begin PBXFrameworksBuildPhase section */
		3D6107112496EF47004B47A4 /* Frameworks */ = {
			isa = PBXFrameworksBuildPhase;
			buildActionMask = 2147483647;
			files = (
			);
			runOnlyForDeploymentPostprocessing = 0;
		};
		3D67FB0824A6FA5B009D0350 /* Frameworks */ = {
			isa = PBXFrameworksBuildPhase;
			buildActionMask = 2147483647;
			files = (
			);
			runOnlyForDeploymentPostprocessing = 0;
		};
		3D743E16239E86DA005B2804 /* Frameworks */ = {
			isa = PBXFrameworksBuildPhase;
			buildActionMask = 2147483647;
			files = (
				3D76931E23AE62A900C6D726 /* libLightningKitClient.a in Frameworks */,
				3D6107072496EBFE004B47A4 /* Lndmobile.framework in Frameworks */,
			);
			runOnlyForDeploymentPostprocessing = 0;
		};
		3D743E31239E8762005B2804 /* Frameworks */ = {
			isa = PBXFrameworksBuildPhase;
			buildActionMask = 2147483647;
			files = (
				3D743E44239E882B005B2804 /* SwiftProtobufPluginLibrary in Frameworks */,
				3D743E42239E882B005B2804 /* SwiftProtobuf in Frameworks */,
			);
			runOnlyForDeploymentPostprocessing = 0;
		};
/* End PBXFrameworksBuildPhase section */

/* Begin PBXGroup section */
		3D2AD56323BAF81B00B3C840 /* Extension */ = {
			isa = PBXGroup;
			children = (
				3D2AD56423BAF85C00B3C840 /* Message+Lndmobile.swift */,
			);
			path = Extension;
			sourceTree = "<group>";
		};
		3D2AD56823BB0A2600B3C840 /* Configuration */ = {
			isa = PBXGroup;
			children = (
				3D70CD8C23A47CB9001BE339 /* LNSConfiguration.swift */,
				3D76934423B10D2800C6D726 /* LNSConnectPeerConfiguration.swift */,
				3D2AD55B23B9DC8A00B3C840 /* LNSCloseChannelConfiguration.swift */,
				3D76934623B2F8C400C6D726 /* LNSOpenChannelConfiguration.swift */,
				3D70CD9A23A4F566001BE339 /* LNSSeedConfiguration.swift */,
				3D2AD56623BB0A1E00B3C840 /* LNSSendCoinsConfiguration.swift */,
			);
			path = Configuration;
			sourceTree = "<group>";
		};
		3D6106FB2496EB26004B47A4 /* Protocol */ = {
			isa = PBXGroup;
			children = (
				3D6106FC2496EB26004B47A4 /* Error */,
			);
			path = Protocol;
			sourceTree = "<group>";
		};
		3D6106FC2496EB26004B47A4 /* Error */ = {
			isa = PBXGroup;
			children = (
				3D61071F2496F670004B47A4 /* LKError.swift */,
				3D6106FD2496EB26004B47A4 /* LKWalletError.swift */,
			);
			path = Error;
			sourceTree = "<group>";
		};
		3D6106FE2496EB26004B47A4 /* LightningKit */ = {
			isa = PBXGroup;
			children = (
				3D6106FF2496EB26004B47A4 /* LightningKit.swift */,
				3D6107002496EB26004B47A4 /* LKWallet.swift */,
				3D6107012496EB26004B47A4 /* LKChannel.swift */,
			);
			path = LightningKit;
			sourceTree = "<group>";
		};
		3D6107152496EF47004B47A4 /* LightningKit */ = {
			isa = PBXGroup;
			children = (
				3D6106FB2496EB26004B47A4 /* Protocol */,
				3D6106FE2496EB26004B47A4 /* LightningKit */,
			);
			name = LightningKit;
			path = Sources/LightningKit;
			sourceTree = "<group>";
		};
		3D61075F2496FDCE004B47A4 /* View */ = {
			isa = PBXGroup;
			children = (
				3DD406A2249EEC3D009C01C9 /* Transaction */,
				3D711AC8249E4C5700DA32CA /* Seed */,
				3D818257249847E800BE72BC /* Button.swift */,
			);
			path = View;
			sourceTree = "<group>";
		};
		3D6107602496FEA5004B47A4 /* ViewModel */ = {
			isa = PBXGroup;
			children = (
			);
			path = ViewModel;
			sourceTree = "<group>";
		};
		3D67FB0C24A6FA5B009D0350 /* LightningKitUI */ = {
			isa = PBXGroup;
			children = (
				3D818259249848FC00BE72BC /* Extensions */,
				3D8182562498478000BE72BC /* Styles */,
				3D6107602496FEA5004B47A4 /* ViewModel */,
				3D61075F2496FDCE004B47A4 /* View */,
			);
			path = LightningKitUI;
			sourceTree = "<group>";
		};
		3D6E4126249DDDA400EA1E2A /* Font */ = {
			isa = PBXGroup;
			children = (
				3D6E4127249DDDB700EA1E2A /* Font.swift */,
				3D6E4129249DDDBF00EA1E2A /* DefaultFont.swift */,
			);
			path = Font;
			sourceTree = "<group>";
		};
		3D70CD8323A47CB9001BE339 /* Contract */ = {
			isa = PBXGroup;
			children = (
				3D70CD8623A47CB9001BE339 /* LNSCoreService.swift */,
				3D70CDBE23A5FA05001BE339 /* LNSChannelService.swift */,
				3D70CD9423A48703001BE339 /* LNSWalletService.swift */,
				3D70CDAD23A5EC14001BE339 /* Error */,
				3D70CD8723A47CB9001BE339 /* Model */,
			);
			name = Contract;
			path = Protocol;
			sourceTree = "<group>";
		};
		3D70CD8723A47CB9001BE339 /* Model */ = {
			isa = PBXGroup;
			children = (
				3D70CDA423A506B3001BE339 /* BTCAddress.swift */,
				3D70CD8A23A47CB9001BE339 /* BTCEnvironment.swift */,
				3D70CD8B23A47CB9001BE339 /* BTCNode.swift */,
				3D3496D5249F22A500977EA4 /* BTCUnit.swift */,
				3D76934223B10B4D00C6D726 /* LNSAddress.swift */,
				3D2AD55923B86D8A00B3C840 /* LNSChannel.swift */,
				3D70CDA623A5085E001BE339 /* LNSChannelBalance.swift */,
				3D76934823B2FB7C00C6D726 /* LNSChannelPoint.swift */,
				0BC0BC6E23ADBB2E009B9E58 /* LNSClientType.swift */,
				3D2AD55D23B9DE0B00B3C840 /* LNSCloseChannelStatusUpdate.swift */,
				3D70CDA823A50E9F001BE339 /* LNSInfo.swift */,
				3D70CDC223A5FDB6001BE339 /* LNSInvoice.swift */,
				3D70CDC423A60086001BE339 /* LNSInvoiceRequest.swift */,
				3D396A9C249F5DC5002C2D3B /* LNSListPaymentsRequest.swift */,
				3D3496D2249F1E0200977EA4 /* LNSListInvoicesRequest.swift */,
				3D70CD8923A47CB9001BE339 /* LNSMacaroon.swift */,
				3D2AD55F23B9DE2E00B3C840 /* LNSOpenChannelStatusUpdate.swift */,
				3D2AD56123B9E34E00B3C840 /* LNSPayment.swift */,
				3D70CDC823A60233001BE339 /* LNSPaymentRequest.swift */,
				3D70CD9C23A4F57C001BE339 /* LNSSeed.swift */,
				3D70CDA223A505C5001BE339 /* LNSTransaction.swift */,
				3D70CDA023A50019001BE339 /* LNSWalletBalance.swift */,
				3D2AD56823BB0A2600B3C840 /* Configuration */,
			);
			path = Model;
			sourceTree = "<group>";
		};
		3D70CDAD23A5EC14001BE339 /* Error */ = {
			isa = PBXGroup;
			children = (
				3D70CD9823A4F428001BE339 /* LNSError.swift */,
				3D70CDC623A60129001BE339 /* LNSTransactionError.swift */,
				3D70CD9E23A4FD08001BE339 /* LNSWalletError.swift */,
			);
			path = Error;
			sourceTree = "<group>";
		};
		3D70CDAE23A5EC56001BE339 /* Internal */ = {
			isa = PBXGroup;
			children = (
				3D743E4A239E8957005B2804 /* API */,
				3D70CDBA23A5F52B001BE339 /* Builder */,
				3D743E47239E8942005B2804 /* Client */,
				3D790AF323AC5AAA00DF1EEB /* Mapper */,
				3DD153AF23ABC94B0064A542 /* Service */,
				3D70CDCE23ABC38F001BE339 /* Utils */,
			);
			path = Internal;
			sourceTree = "<group>";
		};
		3D70CDBA23A5F52B001BE339 /* Builder */ = {
			isa = PBXGroup;
			children = (
				0BC0BC7023ADBBA5009B9E58 /* LndClientBuilder.swift */,
				3D70CDBC23A5F574001BE339 /* LNSServiceBuilder.swift */,
			);
			path = Builder;
			sourceTree = "<group>";
		};
		3D70CDCE23ABC38F001BE339 /* Utils */ = {
			isa = PBXGroup;
			children = (
				3D70CDCF23ABC3A8001BE339 /* LndArgumentParser.swift */,
			);
			path = Utils;
			sourceTree = "<group>";
		};
		3D70CDD123ABC720001BE339 /* LightningKitClient */ = {
			isa = PBXGroup;
			children = (
				3D70CDD223ABC730001BE339 /* LightningKitClient.swift */,
			);
			path = LightningKitClient;
			sourceTree = "<group>";
		};
		3D711AC8249E4C5700DA32CA /* Seed */ = {
			isa = PBXGroup;
			children = (
				3D610761249709D0004B47A4 /* SeedListView.swift */,
				3D6E4123249DC91200EA1E2A /* SeedPhraseView.swift */,
				3D8182542498465C00BE72BC /* SeedViewController.swift */,
			);
			path = Seed;
			sourceTree = "<group>";
		};
		3D743E10239E86DA005B2804 = {
			isa = PBXGroup;
			children = (
				3D743E1B239E86DA005B2804 /* LightningKitApp */,
				3D743E35239E8762005B2804 /* LightningKitClient */,
				3D6107152496EF47004B47A4 /* LightningKit */,
				3D67FB0C24A6FA5B009D0350 /* LightningKitUI */,
				3D743E1A239E86DA005B2804 /* Products */,
				3D743E4F239E8A57005B2804 /* Frameworks */,
			);
			sourceTree = "<group>";
		};
		3D743E1A239E86DA005B2804 /* Products */ = {
			isa = PBXGroup;
			children = (
				3D743E19239E86DA005B2804 /* LightningKitApp.app */,
				3D743E34239E8762005B2804 /* libLightningKitClient.a */,
				3D6107142496EF47004B47A4 /* libLightningKit.a */,
				3D67FB0B24A6FA5B009D0350 /* libLightningKitUI.a */,
			);
			name = Products;
			sourceTree = "<group>";
		};
		3D743E1B239E86DA005B2804 /* LightningKitApp */ = {
			isa = PBXGroup;
			children = (
				3D743E1C239E86DA005B2804 /* AppDelegate.swift */,
				3D743E1E239E86DA005B2804 /* SceneDelegate.swift */,
				3D743E22239E86DD005B2804 /* Assets.xcassets */,
				3D743E27239E86DD005B2804 /* LaunchScreen.storyboard */,
				3D743E2A239E86DD005B2804 /* Info.plist */,
				3D743E24239E86DD005B2804 /* Preview Content */,
			);
			name = LightningKitApp;
			path = Sources/LightningKitApp;
			sourceTree = "<group>";
		};
		3D743E24239E86DD005B2804 /* Preview Content */ = {
			isa = PBXGroup;
			children = (
				3D743E25239E86DD005B2804 /* Preview Assets.xcassets */,
			);
			path = "Preview Content";
			sourceTree = "<group>";
		};
		3D743E35239E8762005B2804 /* LightningKitClient */ = {
			isa = PBXGroup;
			children = (
				3D70CD8323A47CB9001BE339 /* Contract */,
				3D70CDAE23A5EC56001BE339 /* Internal */,
				3D70CDD123ABC720001BE339 /* LightningKitClient */,
				3D743E3D239E87A9005B2804 /* Generated */,
			);
			name = LightningKitClient;
			path = Sources/LightningKitClient;
			sourceTree = "<group>";
		};
		3D743E3D239E87A9005B2804 /* Generated */ = {
			isa = PBXGroup;
			children = (
				3D743E3E239E87B9005B2804 /* rpc.pb.swift */,
			);
			path = Generated;
			sourceTree = "<group>";
		};
		3D743E47239E8942005B2804 /* Client */ = {
			isa = PBXGroup;
			children = (
				3D743E3B239E878A005B2804 /* LndClient.swift */,
				3D743E45239E892F005B2804 /* LndClientImpl.swift */,
			);
			path = Client;
			sourceTree = "<group>";
		};
		3D743E4A239E8957005B2804 /* API */ = {
			isa = PBXGroup;
			children = (
				3D743E48239E8953005B2804 /* LndAPI.swift */,
				3D743E4D239E89AD005B2804 /* LndCallback.swift */,
				3D743E4B239E896C005B2804 /* LndMobileAPI.swift */,
				3D2AD56323BAF81B00B3C840 /* Extension */,
			);
			path = API;
			sourceTree = "<group>";
		};
		3D743E4F239E8A57005B2804 /* Frameworks */ = {
			isa = PBXGroup;
			children = (
				3D6107062496EBFD004B47A4 /* Lndmobile.framework */,
			);
			name = Frameworks;
			sourceTree = "<group>";
		};
		3D76933F23B103B800C6D726 /* Extension */ = {
			isa = PBXGroup;
			children = (
				3D76934023B103D800C6D726 /* LNSAddressType+Lnrpc.swift */,
			);
			path = Extension;
			sourceTree = "<group>";
		};
		3D790AF323AC5AAA00DF1EEB /* Mapper */ = {
			isa = PBXGroup;
			children = (
				3D76934A23B2FCEB00C6D726 /* LNSChannelMapper.swift */,
				0B9389E223AE201C00D392AF /* LNSCoreMapper.swift */,
				3D790AF423AC5ABD00DF1EEB /* LNSWalletMapper.swift */,
				3D76933F23B103B800C6D726 /* Extension */,
			);
			path = Mapper;
			sourceTree = "<group>";
		};
		3D8182562498478000BE72BC /* Styles */ = {
			isa = PBXGroup;
			children = (
				3D81826324984D3300BE72BC /* Style.swift */,
				3D81826A24984EFA00BE72BC /* Color */,
				3D6E4126249DDDA400EA1E2A /* Font */,
			);
			path = Styles;
			sourceTree = "<group>";
		};
		3D818259249848FC00BE72BC /* Extensions */ = {
			isa = PBXGroup;
			children = (
				3D81825A2498491600BE72BC /* UIView+Transform.swift */,
				3D9FAE8E249D8E9700006770 /* UIView+Shadow.swift */,
			);
			path = Extensions;
			sourceTree = "<group>";
		};
		3D81826A24984EFA00BE72BC /* Color */ = {
			isa = PBXGroup;
			children = (
				3D81826124984C8500BE72BC /* Color.swift */,
				3D81826524984D5100BE72BC /* DefaultColor.swift */,
			);
			path = Color;
			sourceTree = "<group>";
		};
		3DD153AF23ABC94B0064A542 /* Service */ = {
			isa = PBXGroup;
			children = (
				3D2AD55723B3233D00B3C840 /* LNSChannelServiceImpl.swift */,
				3DD153B023ABC9620064A542 /* LNSWalletServiceImpl.swift */,
			);
			path = Service;
			sourceTree = "<group>";
		};
		3DD406A2249EEC3D009C01C9 /* Transaction */ = {
			isa = PBXGroup;
			children = (
				3DD406A3249EEE0D009C01C9 /* TransactionTableViewCell.swift */,
			);
			path = Transaction;
			sourceTree = "<group>";
		};
/* End PBXGroup section */

/* Begin PBXNativeTarget section */
		3D6107132496EF47004B47A4 /* LightningKit */ = {
			isa = PBXNativeTarget;
			buildConfigurationList = 3D6107182496EF47004B47A4 /* Build configuration list for PBXNativeTarget "LightningKit" */;
			buildPhases = (
				3D6107102496EF47004B47A4 /* Sources */,
				3D6107112496EF47004B47A4 /* Frameworks */,
				3D6107122496EF47004B47A4 /* CopyFiles */,
			);
			buildRules = (
			);
			dependencies = (
				3D6107222496F8A9004B47A4 /* PBXTargetDependency */,
			);
			name = LightningKit;
			productName = LightningKit;
			productReference = 3D6107142496EF47004B47A4 /* libLightningKit.a */;
			productType = "com.apple.product-type.library.static";
		};
		3D67FB0A24A6FA5B009D0350 /* LightningKitUI */ = {
			isa = PBXNativeTarget;
			buildConfigurationList = 3D67FB0F24A6FA5B009D0350 /* Build configuration list for PBXNativeTarget "LightningKitUI" */;
			buildPhases = (
				3D67FB0724A6FA5B009D0350 /* Sources */,
				3D67FB0824A6FA5B009D0350 /* Frameworks */,
				3D67FB0924A6FA5B009D0350 /* CopyFiles */,
			);
			buildRules = (
			);
			dependencies = (
			);
			name = LightningKitUI;
			productName = LightningKitUI;
			productReference = 3D67FB0B24A6FA5B009D0350 /* libLightningKitUI.a */;
			productType = "com.apple.product-type.library.static";
		};
		3D743E18239E86DA005B2804 /* LightningKitApp */ = {
			isa = PBXNativeTarget;
			buildConfigurationList = 3D743E2D239E86DD005B2804 /* Build configuration list for PBXNativeTarget "LightningKitApp" */;
			buildPhases = (
				3D743E15239E86DA005B2804 /* Sources */,
				3D743E16239E86DA005B2804 /* Frameworks */,
				3D743E17239E86DA005B2804 /* Resources */,
				3D6107352496FD18004B47A4 /* Embed Frameworks */,
			);
			buildRules = (
			);
			dependencies = (
				3D76931D23AE62A400C6D726 /* PBXTargetDependency */,
			);
			name = LightningKitApp;
			productName = LightningSwift;
			productReference = 3D743E19239E86DA005B2804 /* LightningKitApp.app */;
			productType = "com.apple.product-type.application";
		};
		3D743E33239E8762005B2804 /* LightningKitClient */ = {
			isa = PBXNativeTarget;
			buildConfigurationList = 3D743E38239E8762005B2804 /* Build configuration list for PBXNativeTarget "LightningKitClient" */;
			buildPhases = (
				3D743E30239E8762005B2804 /* Sources */,
				3D743E31239E8762005B2804 /* Frameworks */,
				3D743E32239E8762005B2804 /* CopyFiles */,
			);
			buildRules = (
			);
			dependencies = (
			);
			name = LightningKitClient;
			packageProductDependencies = (
				3D743E41239E882B005B2804 /* SwiftProtobuf */,
				3D743E43239E882B005B2804 /* SwiftProtobufPluginLibrary */,
			);
			productName = LightningSwift;
			productReference = 3D743E34239E8762005B2804 /* libLightningKitClient.a */;
			productType = "com.apple.product-type.library.static";
		};
/* End PBXNativeTarget section */

/* Begin PBXProject section */
		3D743E11239E86DA005B2804 /* Project object */ = {
			isa = PBXProject;
			attributes = {
				LastSwiftUpdateCheck = 1150;
				LastUpgradeCheck = 1130;
				ORGANIZATIONNAME = "De MicheliStefano";
				TargetAttributes = {
					3D6107132496EF47004B47A4 = {
						CreatedOnToolsVersion = 11.5;
					};
					3D67FB0A24A6FA5B009D0350 = {
						CreatedOnToolsVersion = 11.5;
					};
					3D743E18239E86DA005B2804 = {
						CreatedOnToolsVersion = 11.3;
					};
					3D743E33239E8762005B2804 = {
						CreatedOnToolsVersion = 11.3;
					};
				};
			};
			buildConfigurationList = 3D743E14239E86DA005B2804 /* Build configuration list for PBXProject "LightningKit" */;
			compatibilityVersion = "Xcode 9.3";
			developmentRegion = en;
			hasScannedForEncodings = 0;
			knownRegions = (
				en,
				Base,
			);
			mainGroup = 3D743E10239E86DA005B2804;
			packageReferences = (
				3D743E40239E882B005B2804 /* XCRemoteSwiftPackageReference "swift-protobuf" */,
			);
			productRefGroup = 3D743E1A239E86DA005B2804 /* Products */;
			projectDirPath = "";
			projectRoot = "";
			targets = (
				3D743E18239E86DA005B2804 /* LightningKitApp */,
				3D743E33239E8762005B2804 /* LightningKitClient */,
				3D6107132496EF47004B47A4 /* LightningKit */,
				3D67FB0A24A6FA5B009D0350 /* LightningKitUI */,
			);
		};
/* End PBXProject section */

/* Begin PBXResourcesBuildPhase section */
		3D743E17239E86DA005B2804 /* Resources */ = {
			isa = PBXResourcesBuildPhase;
			buildActionMask = 2147483647;
			files = (
				3D743E29239E86DD005B2804 /* LaunchScreen.storyboard in Resources */,
				3D743E26239E86DD005B2804 /* Preview Assets.xcassets in Resources */,
				3D743E23239E86DD005B2804 /* Assets.xcassets in Resources */,
			);
			runOnlyForDeploymentPostprocessing = 0;
		};
/* End PBXResourcesBuildPhase section */

/* Begin PBXSourcesBuildPhase section */
		3D6107102496EF47004B47A4 /* Sources */ = {
			isa = PBXSourcesBuildPhase;
			buildActionMask = 2147483647;
			files = (
				3D61071B2496EF93004B47A4 /* LKWalletError.swift in Sources */,
				3D61071C2496EF93004B47A4 /* LightningKit.swift in Sources */,
				3D61071D2496EF93004B47A4 /* LKWallet.swift in Sources */,
				3D61071E2496EF93004B47A4 /* LKChannel.swift in Sources */,
				3D6107232496F8CE004B47A4 /* LKError.swift in Sources */,
			);
			runOnlyForDeploymentPostprocessing = 0;
		};
		3D67FB0724A6FA5B009D0350 /* Sources */ = {
			isa = PBXSourcesBuildPhase;
			buildActionMask = 2147483647;
			files = (
			);
			runOnlyForDeploymentPostprocessing = 0;
		};
		3D743E15239E86DA005B2804 /* Sources */ = {
			isa = PBXSourcesBuildPhase;
			buildActionMask = 2147483647;
			files = (
				3D743E1D239E86DA005B2804 /* AppDelegate.swift in Sources */,
				3D743E1F239E86DA005B2804 /* SceneDelegate.swift in Sources */,
			);
			runOnlyForDeploymentPostprocessing = 0;
		};
		3D743E30239E8762005B2804 /* Sources */ = {
			isa = PBXSourcesBuildPhase;
			buildActionMask = 2147483647;
			files = (
				3D70CDB223A5ECD7001BE339 /* LNSError.swift in Sources */,
				3D70CDA923A50E9F001BE339 /* LNSInfo.swift in Sources */,
				3D70CDC723A60129001BE339 /* LNSTransactionError.swift in Sources */,
				3D76934123B103D800C6D726 /* LNSAddressType+Lnrpc.swift in Sources */,
				3D76934923B2FB7C00C6D726 /* LNSChannelPoint.swift in Sources */,
				3D70CD9B23A4F566001BE339 /* LNSSeedConfiguration.swift in Sources */,
				0BC0BC7123ADBBA5009B9E58 /* LndClientBuilder.swift in Sources */,
				3D2AD55A23B86D8A00B3C840 /* LNSChannel.swift in Sources */,
				3D2AD56023B9DE2E00B3C840 /* LNSOpenChannelStatusUpdate.swift in Sources */,
				0B9389E323AE201D00D392AF /* LNSCoreMapper.swift in Sources */,
				3D743E3F239E87B9005B2804 /* rpc.pb.swift in Sources */,
				3D743E4E239E89AD005B2804 /* LndCallback.swift in Sources */,
				3D70CDAF23A5ECCF001BE339 /* LNSCoreService.swift in Sources */,
				3D76934323B10B4D00C6D726 /* LNSAddress.swift in Sources */,
				3D2AD56223B9E34E00B3C840 /* LNSPayment.swift in Sources */,
				3D2AD55823B3233D00B3C840 /* LNSChannelServiceImpl.swift in Sources */,
				0BC0BC6F23ADBB2E009B9E58 /* LNSClientType.swift in Sources */,
				3D70CDB823A5ECF1001BE339 /* LNSMacaroon.swift in Sources */,
				3D70CDB723A5ECEE001BE339 /* LNSConfiguration.swift in Sources */,
				3D743E46239E892F005B2804 /* LndClientImpl.swift in Sources */,
				3D70CD9D23A4F57C001BE339 /* LNSSeed.swift in Sources */,
				3D2AD56723BB0A1E00B3C840 /* LNSSendCoinsConfiguration.swift in Sources */,
				3D70CDBD23A5F574001BE339 /* LNSServiceBuilder.swift in Sources */,
				3D396A9F249F5EA1002C2D3B /* LNSListPaymentsRequest.swift in Sources */,
				3D76934523B10D2800C6D726 /* LNSConnectPeerConfiguration.swift in Sources */,
				3D70CDA323A505C5001BE339 /* LNSTransaction.swift in Sources */,
				3D2AD55C23B9DC8A00B3C840 /* LNSCloseChannelConfiguration.swift in Sources */,
				3D70CDC923A60233001BE339 /* LNSPaymentRequest.swift in Sources */,
				3D70CDD023ABC3A8001BE339 /* LndArgumentParser.swift in Sources */,
				3D70CDB423A5ECDC001BE339 /* LNSWalletError.swift in Sources */,
				3D2AD56523BAF85C00B3C840 /* Message+Lndmobile.swift in Sources */,
				3D3496D4249F1F3400977EA4 /* LNSListInvoicesRequest.swift in Sources */,
				3D70CDB123A5ECD3001BE339 /* LNSWalletService.swift in Sources */,
				3DD153B123ABC9620064A542 /* LNSWalletServiceImpl.swift in Sources */,
				3D70CDB523A5ECE4001BE339 /* BTCEnvironment.swift in Sources */,
				3D2AD55E23B9DE0B00B3C840 /* LNSCloseChannelStatusUpdate.swift in Sources */,
				3D70CDC523A60086001BE339 /* LNSInvoiceRequest.swift in Sources */,
				3D70CDD323ABC730001BE339 /* LightningKitClient.swift in Sources */,
				3D743E4C239E896C005B2804 /* LndMobileAPI.swift in Sources */,
				3D70CDA723A5085E001BE339 /* LNSChannelBalance.swift in Sources */,
				3D3496D7249F230D00977EA4 /* BTCUnit.swift in Sources */,
				3D70CDA123A5001A001BE339 /* LNSWalletBalance.swift in Sources */,
				3D743E3C239E878A005B2804 /* LndClient.swift in Sources */,
				3D70CDB623A5ECE7001BE339 /* BTCNode.swift in Sources */,
				3D790AF523AC5ABD00DF1EEB /* LNSWalletMapper.swift in Sources */,
				3D76934723B2F8C400C6D726 /* LNSOpenChannelConfiguration.swift in Sources */,
				3D70CDA523A506B3001BE339 /* BTCAddress.swift in Sources */,
				3D76934B23B2FCEB00C6D726 /* LNSChannelMapper.swift in Sources */,
				3D743E49239E8953005B2804 /* LndAPI.swift in Sources */,
				3D70CDBF23A5FA05001BE339 /* LNSChannelService.swift in Sources */,
				3D70CDC323A5FDB6001BE339 /* LNSInvoice.swift in Sources */,
			);
			runOnlyForDeploymentPostprocessing = 0;
		};
/* End PBXSourcesBuildPhase section */

/* Begin PBXTargetDependency section */
		3D6107222496F8A9004B47A4 /* PBXTargetDependency */ = {
			isa = PBXTargetDependency;
			target = 3D743E33239E8762005B2804 /* LightningKitClient */;
			targetProxy = 3D6107212496F8A9004B47A4 /* PBXContainerItemProxy */;
		};
		3D76931D23AE62A400C6D726 /* PBXTargetDependency */ = {
			isa = PBXTargetDependency;
			target = 3D743E33239E8762005B2804 /* LightningKitClient */;
			targetProxy = 3D76931C23AE62A400C6D726 /* PBXContainerItemProxy */;
		};
/* End PBXTargetDependency section */

/* Begin PBXVariantGroup section */
		3D743E27239E86DD005B2804 /* LaunchScreen.storyboard */ = {
			isa = PBXVariantGroup;
			children = (
				3D743E28239E86DD005B2804 /* Base */,
			);
			name = LaunchScreen.storyboard;
			sourceTree = "<group>";
		};
/* End PBXVariantGroup section */

/* Begin XCBuildConfiguration section */
		3D6107192496EF47004B47A4 /* Debug */ = {
			isa = XCBuildConfiguration;
			buildSettings = {
				CODE_SIGN_STYLE = Automatic;
				IPHONEOS_DEPLOYMENT_TARGET = 11.0;
				OTHER_LDFLAGS = "-ObjC";
				PRODUCT_NAME = "$(TARGET_NAME)";
				SKIP_INSTALL = YES;
				SWIFT_VERSION = 5.0;
				TARGETED_DEVICE_FAMILY = "1,2";
			};
			name = Debug;
		};
		3D61071A2496EF47004B47A4 /* Release */ = {
			isa = XCBuildConfiguration;
			buildSettings = {
				CODE_SIGN_STYLE = Automatic;
				IPHONEOS_DEPLOYMENT_TARGET = 11.0;
				OTHER_LDFLAGS = "-ObjC";
				PRODUCT_NAME = "$(TARGET_NAME)";
				SKIP_INSTALL = YES;
				SWIFT_VERSION = 5.0;
				TARGETED_DEVICE_FAMILY = "1,2";
			};
			name = Release;
		};
		3D67FB1024A6FA5B009D0350 /* Debug */ = {
			isa = XCBuildConfiguration;
			buildSettings = {
				CODE_SIGN_STYLE = Automatic;
				IPHONEOS_DEPLOYMENT_TARGET = 13.5;
				OTHER_LDFLAGS = "-ObjC";
				PRODUCT_NAME = "$(TARGET_NAME)";
				SKIP_INSTALL = YES;
				SWIFT_VERSION = 5.0;
				TARGETED_DEVICE_FAMILY = "1,2";
			};
			name = Debug;
		};
		3D67FB1124A6FA5B009D0350 /* Release */ = {
			isa = XCBuildConfiguration;
			buildSettings = {
				CODE_SIGN_STYLE = Automatic;
				IPHONEOS_DEPLOYMENT_TARGET = 13.5;
				OTHER_LDFLAGS = "-ObjC";
				PRODUCT_NAME = "$(TARGET_NAME)";
				SKIP_INSTALL = YES;
				SWIFT_VERSION = 5.0;
				TARGETED_DEVICE_FAMILY = "1,2";
			};
			name = Release;
		};
		3D743E2B239E86DD005B2804 /* Debug */ = {
			isa = XCBuildConfiguration;
			buildSettings = {
				ALWAYS_SEARCH_USER_PATHS = NO;
				CLANG_ANALYZER_NONNULL = YES;
				CLANG_ANALYZER_NUMBER_OBJECT_CONVERSION = YES_AGGRESSIVE;
				CLANG_CXX_LANGUAGE_STANDARD = "gnu++14";
				CLANG_CXX_LIBRARY = "libc++";
				CLANG_ENABLE_MODULES = YES;
				CLANG_ENABLE_OBJC_ARC = YES;
				CLANG_ENABLE_OBJC_WEAK = YES;
				CLANG_WARN_BLOCK_CAPTURE_AUTORELEASING = YES;
				CLANG_WARN_BOOL_CONVERSION = YES;
				CLANG_WARN_COMMA = YES;
				CLANG_WARN_CONSTANT_CONVERSION = YES;
				CLANG_WARN_DEPRECATED_OBJC_IMPLEMENTATIONS = YES;
				CLANG_WARN_DIRECT_OBJC_ISA_USAGE = YES_ERROR;
				CLANG_WARN_DOCUMENTATION_COMMENTS = YES;
				CLANG_WARN_EMPTY_BODY = YES;
				CLANG_WARN_ENUM_CONVERSION = YES;
				CLANG_WARN_INFINITE_RECURSION = YES;
				CLANG_WARN_INT_CONVERSION = YES;
				CLANG_WARN_NON_LITERAL_NULL_CONVERSION = YES;
				CLANG_WARN_OBJC_IMPLICIT_RETAIN_SELF = YES;
				CLANG_WARN_OBJC_LITERAL_CONVERSION = YES;
				CLANG_WARN_OBJC_ROOT_CLASS = YES_ERROR;
				CLANG_WARN_RANGE_LOOP_ANALYSIS = YES;
				CLANG_WARN_STRICT_PROTOTYPES = YES;
				CLANG_WARN_SUSPICIOUS_MOVE = YES;
				CLANG_WARN_UNGUARDED_AVAILABILITY = YES_AGGRESSIVE;
				CLANG_WARN_UNREACHABLE_CODE = YES;
				CLANG_WARN__DUPLICATE_METHOD_MATCH = YES;
				COPY_PHASE_STRIP = NO;
				DEBUG_INFORMATION_FORMAT = dwarf;
				ENABLE_STRICT_OBJC_MSGSEND = YES;
				ENABLE_TESTABILITY = YES;
				FRAMEWORK_SEARCH_PATHS = (
					"$(inherited)",
					"$(SRCROOT)/**",
				);
				GCC_C_LANGUAGE_STANDARD = gnu11;
				GCC_DYNAMIC_NO_PIC = NO;
				GCC_NO_COMMON_BLOCKS = YES;
				GCC_OPTIMIZATION_LEVEL = 0;
				GCC_PREPROCESSOR_DEFINITIONS = (
					"DEBUG=1",
					"$(inherited)",
				);
				GCC_WARN_64_TO_32_BIT_CONVERSION = YES;
				GCC_WARN_ABOUT_RETURN_TYPE = YES_ERROR;
				GCC_WARN_UNDECLARED_SELECTOR = YES;
				GCC_WARN_UNINITIALIZED_AUTOS = YES_AGGRESSIVE;
				GCC_WARN_UNUSED_FUNCTION = YES;
				GCC_WARN_UNUSED_VARIABLE = YES;
				IPHONEOS_DEPLOYMENT_TARGET = 13.2;
				MTL_ENABLE_DEBUG_INFO = INCLUDE_SOURCE;
				MTL_FAST_MATH = YES;
				ONLY_ACTIVE_ARCH = YES;
				SDKROOT = iphoneos;
				SWIFT_ACTIVE_COMPILATION_CONDITIONS = DEBUG;
				SWIFT_OPTIMIZATION_LEVEL = "-Onone";
			};
			name = Debug;
		};
		3D743E2C239E86DD005B2804 /* Release */ = {
			isa = XCBuildConfiguration;
			buildSettings = {
				ALWAYS_SEARCH_USER_PATHS = NO;
				CLANG_ANALYZER_NONNULL = YES;
				CLANG_ANALYZER_NUMBER_OBJECT_CONVERSION = YES_AGGRESSIVE;
				CLANG_CXX_LANGUAGE_STANDARD = "gnu++14";
				CLANG_CXX_LIBRARY = "libc++";
				CLANG_ENABLE_MODULES = YES;
				CLANG_ENABLE_OBJC_ARC = YES;
				CLANG_ENABLE_OBJC_WEAK = YES;
				CLANG_WARN_BLOCK_CAPTURE_AUTORELEASING = YES;
				CLANG_WARN_BOOL_CONVERSION = YES;
				CLANG_WARN_COMMA = YES;
				CLANG_WARN_CONSTANT_CONVERSION = YES;
				CLANG_WARN_DEPRECATED_OBJC_IMPLEMENTATIONS = YES;
				CLANG_WARN_DIRECT_OBJC_ISA_USAGE = YES_ERROR;
				CLANG_WARN_DOCUMENTATION_COMMENTS = YES;
				CLANG_WARN_EMPTY_BODY = YES;
				CLANG_WARN_ENUM_CONVERSION = YES;
				CLANG_WARN_INFINITE_RECURSION = YES;
				CLANG_WARN_INT_CONVERSION = YES;
				CLANG_WARN_NON_LITERAL_NULL_CONVERSION = YES;
				CLANG_WARN_OBJC_IMPLICIT_RETAIN_SELF = YES;
				CLANG_WARN_OBJC_LITERAL_CONVERSION = YES;
				CLANG_WARN_OBJC_ROOT_CLASS = YES_ERROR;
				CLANG_WARN_RANGE_LOOP_ANALYSIS = YES;
				CLANG_WARN_STRICT_PROTOTYPES = YES;
				CLANG_WARN_SUSPICIOUS_MOVE = YES;
				CLANG_WARN_UNGUARDED_AVAILABILITY = YES_AGGRESSIVE;
				CLANG_WARN_UNREACHABLE_CODE = YES;
				CLANG_WARN__DUPLICATE_METHOD_MATCH = YES;
				COPY_PHASE_STRIP = NO;
				DEBUG_INFORMATION_FORMAT = "dwarf-with-dsym";
				ENABLE_NS_ASSERTIONS = NO;
				ENABLE_STRICT_OBJC_MSGSEND = YES;
				FRAMEWORK_SEARCH_PATHS = (
					"$(inherited)",
					"$(SRCROOT)/**",
				);
				GCC_C_LANGUAGE_STANDARD = gnu11;
				GCC_NO_COMMON_BLOCKS = YES;
				GCC_WARN_64_TO_32_BIT_CONVERSION = YES;
				GCC_WARN_ABOUT_RETURN_TYPE = YES_ERROR;
				GCC_WARN_UNDECLARED_SELECTOR = YES;
				GCC_WARN_UNINITIALIZED_AUTOS = YES_AGGRESSIVE;
				GCC_WARN_UNUSED_FUNCTION = YES;
				GCC_WARN_UNUSED_VARIABLE = YES;
				IPHONEOS_DEPLOYMENT_TARGET = 13.2;
				MTL_ENABLE_DEBUG_INFO = NO;
				MTL_FAST_MATH = YES;
				SDKROOT = iphoneos;
				SWIFT_COMPILATION_MODE = wholemodule;
				SWIFT_OPTIMIZATION_LEVEL = "-O";
				VALIDATE_PRODUCT = YES;
			};
			name = Release;
		};
		3D743E2E239E86DD005B2804 /* Debug */ = {
			isa = XCBuildConfiguration;
			buildSettings = {
				ALWAYS_EMBED_SWIFT_STANDARD_LIBRARIES = YES;
				ASSETCATALOG_COMPILER_APPICON_NAME = AppIcon;
				CODE_SIGN_STYLE = Automatic;
				DEVELOPMENT_ASSET_PATHS = "";
				DEVELOPMENT_TEAM = 84BULQXU2Q;
				ENABLE_PREVIEWS = YES;
				FRAMEWORK_SEARCH_PATHS = (
					"$(SRCROOT)/**",
					"$(inherited)",
					"$(PROJECT_DIR)",
				);
				INFOPLIST_FILE = "$(SRCROOT)/Sources/LightningKitApp/Info.plist";
				LD_RUNPATH_SEARCH_PATHS = (
					"$(inherited)",
					"@executable_path/Frameworks",
				);
				PRODUCT_BUNDLE_IDENTIFIER = com.stefano.LightningSwift;
				PRODUCT_NAME = "$(TARGET_NAME)";
				SWIFT_PRECOMPILE_BRIDGING_HEADER = NO;
				SWIFT_VERSION = 5.0;
				SYSTEM_FRAMEWORK_SEARCH_PATHS = (
					"$(SRCROOT)",
					"$(inherited)",
				);
				TARGETED_DEVICE_FAMILY = "1,2";
			};
			name = Debug;
		};
		3D743E2F239E86DD005B2804 /* Release */ = {
			isa = XCBuildConfiguration;
			buildSettings = {
				ALWAYS_EMBED_SWIFT_STANDARD_LIBRARIES = YES;
				ASSETCATALOG_COMPILER_APPICON_NAME = AppIcon;
				CODE_SIGN_STYLE = Automatic;
				DEVELOPMENT_ASSET_PATHS = "";
				DEVELOPMENT_TEAM = 84BULQXU2Q;
				ENABLE_PREVIEWS = YES;
				FRAMEWORK_SEARCH_PATHS = (
					"$(SRCROOT)/**",
					"$(inherited)",
					"$(PROJECT_DIR)",
				);
				INFOPLIST_FILE = "$(SRCROOT)/Sources/LightningKitApp/Info.plist";
				LD_RUNPATH_SEARCH_PATHS = (
					"$(inherited)",
					"@executable_path/Frameworks",
				);
				PRODUCT_BUNDLE_IDENTIFIER = com.stefano.LightningSwift;
				PRODUCT_NAME = "$(TARGET_NAME)";
				SWIFT_PRECOMPILE_BRIDGING_HEADER = NO;
				SWIFT_VERSION = 5.0;
				SYSTEM_FRAMEWORK_SEARCH_PATHS = (
					"$(SRCROOT)",
					"$(inherited)",
				);
				TARGETED_DEVICE_FAMILY = "1,2";
			};
			name = Release;
		};
		3D743E39239E8762005B2804 /* Debug */ = {
			isa = XCBuildConfiguration;
			buildSettings = {
				CODE_SIGN_STYLE = Automatic;
				DEVELOPMENT_TEAM = 84BULQXU2Q;
				FRAMEWORK_SEARCH_PATHS = (
					"$(SRCROOT)/**",
					"$(inherited)",
				);
				OTHER_LDFLAGS = "-ObjC";
				PRODUCT_NAME = "$(TARGET_NAME)";
				SKIP_INSTALL = YES;
				SWIFT_VERSION = 5.0;
				TARGETED_DEVICE_FAMILY = "1,2";
			};
			name = Debug;
		};
		3D743E3A239E8762005B2804 /* Release */ = {
			isa = XCBuildConfiguration;
			buildSettings = {
				CODE_SIGN_STYLE = Automatic;
				DEVELOPMENT_TEAM = 84BULQXU2Q;
				FRAMEWORK_SEARCH_PATHS = (
					"$(SRCROOT)/**",
					"$(inherited)",
				);
				OTHER_LDFLAGS = "-ObjC";
				PRODUCT_NAME = "$(TARGET_NAME)";
				SKIP_INSTALL = YES;
				SWIFT_VERSION = 5.0;
				TARGETED_DEVICE_FAMILY = "1,2";
			};
			name = Release;
		};
/* End XCBuildConfiguration section */

/* Begin XCConfigurationList section */
		3D6107182496EF47004B47A4 /* Build configuration list for PBXNativeTarget "LightningKit" */ = {
			isa = XCConfigurationList;
			buildConfigurations = (
				3D6107192496EF47004B47A4 /* Debug */,
				3D61071A2496EF47004B47A4 /* Release */,
			);
			defaultConfigurationIsVisible = 0;
			defaultConfigurationName = Release;
		};
		3D67FB0F24A6FA5B009D0350 /* Build configuration list for PBXNativeTarget "LightningKitUI" */ = {
			isa = XCConfigurationList;
			buildConfigurations = (
				3D67FB1024A6FA5B009D0350 /* Debug */,
				3D67FB1124A6FA5B009D0350 /* Release */,
			);
			defaultConfigurationIsVisible = 0;
			defaultConfigurationName = Release;
		};
		3D743E14239E86DA005B2804 /* Build configuration list for PBXProject "LightningKit" */ = {
			isa = XCConfigurationList;
			buildConfigurations = (
				3D743E2B239E86DD005B2804 /* Debug */,
				3D743E2C239E86DD005B2804 /* Release */,
			);
			defaultConfigurationIsVisible = 0;
			defaultConfigurationName = Release;
		};
		3D743E2D239E86DD005B2804 /* Build configuration list for PBXNativeTarget "LightningKitApp" */ = {
			isa = XCConfigurationList;
			buildConfigurations = (
				3D743E2E239E86DD005B2804 /* Debug */,
				3D743E2F239E86DD005B2804 /* Release */,
			);
			defaultConfigurationIsVisible = 0;
			defaultConfigurationName = Release;
		};
		3D743E38239E8762005B2804 /* Build configuration list for PBXNativeTarget "LightningKitClient" */ = {
			isa = XCConfigurationList;
			buildConfigurations = (
				3D743E39239E8762005B2804 /* Debug */,
				3D743E3A239E8762005B2804 /* Release */,
			);
			defaultConfigurationIsVisible = 0;
			defaultConfigurationName = Release;
		};
/* End XCConfigurationList section */

/* Begin XCRemoteSwiftPackageReference section */
		3D743E40239E882B005B2804 /* XCRemoteSwiftPackageReference "swift-protobuf" */ = {
			isa = XCRemoteSwiftPackageReference;
			repositoryURL = "https://github.com/apple/swift-protobuf.git";
			requirement = {
				kind = upToNextMajorVersion;
				minimumVersion = 1.7.0;
			};
		};
/* End XCRemoteSwiftPackageReference section */

/* Begin XCSwiftPackageProductDependency section */
		3D743E41239E882B005B2804 /* SwiftProtobuf */ = {
			isa = XCSwiftPackageProductDependency;
			package = 3D743E40239E882B005B2804 /* XCRemoteSwiftPackageReference "swift-protobuf" */;
			productName = SwiftProtobuf;
		};
		3D743E43239E882B005B2804 /* SwiftProtobufPluginLibrary */ = {
			isa = XCSwiftPackageProductDependency;
			package = 3D743E40239E882B005B2804 /* XCRemoteSwiftPackageReference "swift-protobuf" */;
			productName = SwiftProtobufPluginLibrary;
		};
/* End XCSwiftPackageProductDependency section */
	};
	rootObject = 3D743E11239E86DA005B2804 /* Project object */;
}
